
Microsoft Visual Studio Solution File, Format Version 12.00
# Visual Studio 15
VisualStudioVersion = 15.0.26730.15
MinimumVisualStudioVersion = 10.0.40219.1
Project("{151D2E53-A2C4-4D7D-83FE-D05416EBD58E}") = "Sii-OMS-Deploy", "Sii-OMS-Deploy\Sii-OMS-Deploy.deployproj", "{F3341FF9-5FF4-4819-AF1D-601407C170C2}"
EndProject
Global
	GlobalSection(SolutionConfigurationPlatforms) = preSolution
		Debug|Any CPU = Debug|Any CPU
		Release|Any CPU = Release|Any CPU
	EndGlobalSection
	GlobalSection(ProjectConfigurationPlatforms) = postSolution
		{F3341FF9-5FF4-4819-AF1D-601407C170C2}.Debug|Any CPU.ActiveCfg = Debug|Any CPU
		{F3341FF9-5FF4-4819-AF1D-601407C170C2}.Debug|Any CPU.Build.0 = Debug|Any CPU
		{F3341FF9-5FF4-4819-AF1D-601407C170C2}.Release|Any CPU.ActiveCfg = Release|Any CPU
		{F3341FF9-5FF4-4819-AF1D-601407C170C2}.Release|Any CPU.Build.0 = Release|Any CPU
	EndGlobalSection
	GlobalSection(SolutionProperties) = preSolution
		HideSolutionNode = FALSE
	EndGlobalSection
	GlobalSection(ExtensibilityGlobals) = postSolution
		SolutionGuid = {57D18A67-1707-41EC-9AA8-873CEB716087}
	EndGlobalSection
EndGlobal
